
Microsoft Visual Studio Solution File, Format Version 12.00
# Visual Studio Version 17
VisualStudioVersion = 17.8.34330.188
MinimumVisualStudioVersion = 10.0.40219.1
Project("{FAE04EC0-301F-11D3-BF4B-00C04F79EFBC}") = "PresentationLayer", "PresentationLayer\PresentationLayer.csproj", "{04023ED5-703B-4BC0-9747-A8CADB9302E6}"
EndProject
Project("{FAE04EC0-301F-11D3-BF4B-00C04F79EFBC}") = "DataAccessLayer", "DataAccessLayer\DataAccessLayer.csproj", "{8B72E121-4774-4155-8AA6-6AF818638709}"
EndProject
Project("{FAE04EC0-301F-11D3-BF4B-00C04F79EFBC}") = "BusinessLogicLayer", "BusinessLogicLayer\BusinessLogicLayer.csproj", "{CCEF1541-029E-403F-BB14-4478EC575433}"
EndProject
Global
	GlobalSection(SolutionConfigurationPlatforms) = preSolution
		Debug|Any CPU = Debug|Any CPU
		Release|Any CPU = Release|Any CPU
	EndGlobalSection
	GlobalSection(ProjectConfigurationPlatforms) = postSolution
		{04023ED5-703B-4BC0-9747-A8CADB9302E6}.Debug|Any CPU.ActiveCfg = Debug|Any CPU
		{04023ED5-703B-4BC0-9747-A8CADB9302E6}.Debug|Any CPU.Build.0 = Debug|Any CPU
		{04023ED5-703B-4BC0-9747-A8CADB9302E6}.Release|Any CPU.ActiveCfg = Release|Any CPU
		{04023ED5-703B-4BC0-9747-A8CADB9302E6}.Release|Any CPU.Build.0 = Release|Any CPU
		{8B72E121-4774-4155-8AA6-6AF818638709}.Debug|Any CPU.ActiveCfg = Debug|Any CPU
		{8B72E121-4774-4155-8AA6-6AF818638709}.Debug|Any CPU.Build.0 = Debug|Any CPU
		{8B72E121-4774-4155-8AA6-6AF818638709}.Release|Any CPU.ActiveCfg = Release|Any CPU
		{8B72E121-4774-4155-8AA6-6AF818638709}.Release|Any CPU.Build.0 = Release|Any CPU
		{CCEF1541-029E-403F-BB14-4478EC575433}.Debug|Any CPU.ActiveCfg = Debug|Any CPU
		{CCEF1541-029E-403F-BB14-4478EC575433}.Debug|Any CPU.Build.0 = Debug|Any CPU
		{CCEF1541-029E-403F-BB14-4478EC575433}.Release|Any CPU.ActiveCfg = Release|Any CPU
		{CCEF1541-029E-403F-BB14-4478EC575433}.Release|Any CPU.Build.0 = Release|Any CPU
	EndGlobalSection
	GlobalSection(SolutionProperties) = preSolution
		HideSolutionNode = FALSE
	EndGlobalSection
	GlobalSection(ExtensibilityGlobals) = postSolution
		SolutionGuid = {5A0D9F93-00B8-4578-B6BA-74BD508915BB}
	EndGlobalSection
EndGlobal
